{
  "name": "windows-terminal-github-theme",
  "version": "1.0.0",
  "lockfileVersion": 2,
  "requires": true,
  "packages": {
    "": {
      "version": "1.0.0",
      "license": "MIT",
      "devDependencies": {
        "@primer/primitives": "^4.5.1"
      }
    },
    "node_modules/@primer/primitives": {
      "version": "4.5.1",
      "resolved": "https://registry.npmjs.org/@primer/primitives/-/primitives-4.5.1.tgz",
      "integrity": "sha512-dA5EKORl1fqOa5+cDKYXTPLTNK0BuHS6NPHh1b11H4ngSd6cbuXzzVkUCJ1ooTDR6UbOrpeXMdlUbA9EcwwFVA==",
      "dev": true
    }
  },
  "dependencies": {
    "@primer/primitives": {
      "version": "4.5.1",
      "resolved": "https://registry.npmjs.org/@primer/primitives/-/primitives-4.5.1.tgz",
      "integrity": "sha512-dA5EKORl1fqOa5+cDKYXTPLTNK0BuHS6NPHh1b11H4ngSd6cbuXzzVkUCJ1ooTDR6UbOrpeXMdlUbA9EcwwFVA==",
      "dev": true
    }
  }
}
